{
  "name": "google-drive",
  "version": "1.0.0",
  "lockfileVersion": 3,
  "requires": true,
  "packages": {
    "": {
      "name": "google-drive",
      "version": "1.0.0",
      "dependencies": {
        "jooja-quick-auth": "github:jooja-mind/jooja-auth-hub-client"
      }
    },
    "node_modules/jooja-quick-auth": {
      "version": "0.2.0",
      "resolved": "git+ssh://git@github.com/jooja-mind/jooja-auth-hub-client.git#f67d496e6568d30e0f40007e54962cf452b8c18e",
      "license": "MIT",
      "bin": {
        "jooja-auth-hub-client": "bin/jooja-auth-hub-client.js",
        "jooja-quick-auth": "bin/jqa.js",
        "jqa": "bin/jqa.js"
      },
      "engines": {
        "node": ">=20"
      }
    }
  }
}
